
Microsoft Visual Studio Solution File, Format Version 12.00
# Visual Studio Version 16
VisualStudioVersion = 16.0.29411.108
MinimumVisualStudioVersion = 10.0.40219.1
Project("{FAE04EC0-301F-11D3-BF4B-00C04F79EFBC}") = "MultiDocumentInterface(MDI)", "MultiDocumentInterface(MDI)\MultiDocumentInterface(MDI).csproj", "{9DE46E46-450D-4E55-BC59-A3BA5B77E93E}"
EndProject
Global
	GlobalSection(SolutionConfigurationPlatforms) = preSolution
		Debug|Any CPU = Debug|Any CPU
		Release|Any CPU = Release|Any CPU
	EndGlobalSection
	GlobalSection(ProjectConfigurationPlatforms) = postSolution
		{9DE46E46-450D-4E55-BC59-A3BA5B77E93E}.Debug|Any CPU.ActiveCfg = Debug|Any CPU
		{9DE46E46-450D-4E55-BC59-A3BA5B77E93E}.Debug|Any CPU.Build.0 = Debug|Any CPU
		{9DE46E46-450D-4E55-BC59-A3BA5B77E93E}.Release|Any CPU.ActiveCfg = Release|Any CPU
		{9DE46E46-450D-4E55-BC59-A3BA5B77E93E}.Release|Any CPU.Build.0 = Release|Any CPU
	EndGlobalSection
	GlobalSection(SolutionProperties) = preSolution
		HideSolutionNode = FALSE
	EndGlobalSection
	GlobalSection(ExtensibilityGlobals) = postSolution
		SolutionGuid = {71C0F5EA-3CB0-47E2-AF1F-E17AA8347DCF}
	EndGlobalSection
EndGlobal
